
Microsoft Visual Studio Solution File, Format Version 12.00
# Visual Studio 2012
Project("{FAE04EC0-301F-11D3-BF4B-00C04F79EFBC}") = "TodoAppA1Basic", "TodoAppA1Basic.csproj", "{55CAD65B-3231-4C94-822E-E31CD1392BCC}"
EndProject
Global
	GlobalSection(SolutionConfigurationPlatforms) = preSolution
		Debug|Any CPU = Debug|Any CPU
		Release|Any CPU = Release|Any CPU
	EndGlobalSection
	GlobalSection(ProjectConfigurationPlatforms) = postSolution
		{55CAD65B-3231-4C94-822E-E31CD1392BCC}.Debug|Any CPU.ActiveCfg = Debug|Any CPU
		{55CAD65B-3231-4C94-822E-E31CD1392BCC}.Debug|Any CPU.Build.0 = Debug|Any CPU
		{55CAD65B-3231-4C94-822E-E31CD1392BCC}.Release|Any CPU.ActiveCfg = Release|Any CPU
		{55CAD65B-3231-4C94-822E-E31CD1392BCC}.Release|Any CPU.Build.0 = Release|Any CPU
	EndGlobalSection
EndGlobal
